// !$*UTF8*$!
{
	archiveVersion = 1;
	classes = {
	};
	objectVersion = 46;
	objects = {

/* Begin PBXBuildFile section */
		532952961BE3E24200885A90 /* ProposalTableViewCell.m in Sources */ = {isa = PBXBuildFile; fileRef = 532952951BE3E24200885A90 /* ProposalTableViewCell.m */; };
		532952991BE3E24D00885A90 /* CommentTableViewCell.m in Sources */ = {isa = PBXBuildFile; fileRef = 532952981BE3E24D00885A90 /* CommentTableViewCell.m */; };
		5329529C1BE3E25A00885A90 /* InsertCommentTableViewCell.m in Sources */ = {isa = PBXBuildFile; fileRef = 5329529B1BE3E25A00885A90 /* InsertCommentTableViewCell.m */; };
		5344578F1BD00284000C6F81 /* Crypto.m in Sources */ = {isa = PBXBuildFile; fileRef = 5344578E1BD00284000C6F81 /* Crypto.m */; };
		534457921BD002DC000C6F81 /* KeychainAccess.m in Sources */ = {isa = PBXBuildFile; fileRef = 534457911BD002DC000C6F81 /* KeychainAccess.m */; };
		534457951BD00894000C6F81 /* APIEndpoints.m in Sources */ = {isa = PBXBuildFile; fileRef = 534457941BD00894000C6F81 /* APIEndpoints.m */; };
		534457981BD00F45000C6F81 /* ErrorDomains.m in Sources */ = {isa = PBXBuildFile; fileRef = 534457971BD00F45000C6F81 /* ErrorDomains.m */; };
		5344579B1BD01100000C6F81 /* APIParameters.m in Sources */ = {isa = PBXBuildFile; fileRef = 5344579A1BD01100000C6F81 /* APIParameters.m */; };
		5344579E1BD026EB000C6F81 /* Network.m in Sources */ = {isa = PBXBuildFile; fileRef = 5344579D1BD026EB000C6F81 /* Network.m */; };
		534F31881BCDAE8C00C74544 /* main.m in Sources */ = {isa = PBXBuildFile; fileRef = 534F31871BCDAE8C00C74544 /* main.m */; };
		534F318B1BCDAE8C00C74544 /* AppDelegate.m in Sources */ = {isa = PBXBuildFile; fileRef = 534F318A1BCDAE8C00C74544 /* AppDelegate.m */; };
		534F318E1BCDAE8C00C74544 /* Constitution.xcdatamodeld in Sources */ = {isa = PBXBuildFile; fileRef = 534F318C1BCDAE8C00C74544 /* Constitution.xcdatamodeld */; };
		534F31911BCDAE8C00C74544 /* ViewController.m in Sources */ = {isa = PBXBuildFile; fileRef = 534F31901BCDAE8C00C74544 /* ViewController.m */; };
		534F31941BCDAE8C00C74544 /* Main.storyboard in Resources */ = {isa = PBXBuildFile; fileRef = 534F31921BCDAE8C00C74544 /* Main.storyboard */; };
		534F31961BCDAE8C00C74544 /* Images.xcassets in Resources */ = {isa = PBXBuildFile; fileRef = 534F31951BCDAE8C00C74544 /* Images.xcassets */; };
		534F31991BCDAE8C00C74544 /* LaunchScreen.xib in Resources */ = {isa = PBXBuildFile; fileRef = 534F31971BCDAE8C00C74544 /* LaunchScreen.xib */; };
		534F31A51BCDAE8C00C74544 /* ConstitutionTests.m in Sources */ = {isa = PBXBuildFile; fileRef = 534F31A41BCDAE8C00C74544 /* ConstitutionTests.m */; };
		534F31B11BCDB04A00C74544 /* User.m in Sources */ = {isa = PBXBuildFile; fileRef = 534F31B01BCDB04A00C74544 /* User.m */; };
		534F31B41BCDB05E00C74544 /* Proposal.m in Sources */ = {isa = PBXBuildFile; fileRef = 534F31B31BCDB05E00C74544 /* Proposal.m */; };
		534F31B71BCDB06900C74544 /* Comment.m in Sources */ = {isa = PBXBuildFile; fileRef = 534F31B61BCDB06900C74544 /* Comment.m */; };
		538861B31BFE06500034292E /* up_green.png in Resources */ = {isa = PBXBuildFile; fileRef = 538861B21BFE06500034292E /* up_green.png */; };
		538861B51BFE06580034292E /* down_red.png in Resources */ = {isa = PBXBuildFile; fileRef = 538861B41BFE06580034292E /* down_red.png */; };
		53BF354F1BE28B1900062F21 /* Circled_User_Male_50.png in Resources */ = {isa = PBXBuildFile; fileRef = 53BF354E1BE28B1900062F21 /* Circled_User_Male_50.png */; };
		53BF35511BE28BC200062F21 /* Rules_50.png in Resources */ = {isa = PBXBuildFile; fileRef = 53BF35501BE28BC200062F21 /* Rules_50.png */; };
		53BF35531BE28C1400062F21 /* Thumb_Up_50.png in Resources */ = {isa = PBXBuildFile; fileRef = 53BF35521BE28C1400062F21 /* Thumb_Up_50.png */; };
		53BF35551BE28C2700062F21 /* Thumb_Up_Filled_50.png in Resources */ = {isa = PBXBuildFile; fileRef = 53BF35541BE28C2700062F21 /* Thumb_Up_Filled_50.png */; };
		53BF35571BE28C3B00062F21 /* Thumbs_Down_50.png in Resources */ = {isa = PBXBuildFile; fileRef = 53BF35561BE28C3B00062F21 /* Thumbs_Down_50.png */; };
		53BF35591BE28C4E00062F21 /* Thumbs_Down_Filled_50.png in Resources */ = {isa = PBXBuildFile; fileRef = 53BF35581BE28C4E00062F21 /* Thumbs_Down_Filled_50.png */; };
		53BF355B1BE28CCA00062F21 /* Rules_32.png in Resources */ = {isa = PBXBuildFile; fileRef = 53BF355A1BE28CCA00062F21 /* Rules_32.png */; };
		53BF355D1BE28D0900062F21 /* Circled_User_Male_32.png in Resources */ = {isa = PBXBuildFile; fileRef = 53BF355C1BE28D0900062F21 /* Circled_User_Male_32.png */; };
		53BF35601BE291F000062F21 /* ProfileViewController.m in Sources */ = {isa = PBXBuildFile; fileRef = 53BF355F1BE291F000062F21 /* ProfileViewController.m */; };
		53BF35631BE295EC00062F21 /* ProposalsTableViewController.m in Sources */ = {isa = PBXBuildFile; fileRef = 53BF35621BE295EC00062F21 /* ProposalsTableViewController.m */; };
		53CD1F2B1BE13EFD00773C71 /* LoginViewController.m in Sources */ = {isa = PBXBuildFile; fileRef = 53CD1F2A1BE13EFD00773C71 /* LoginViewController.m */; };
		53E075BE1BE3FD370072A3FE /* ProposalDetailTableViewController.m in Sources */ = {isa = PBXBuildFile; fileRef = 53E075BD1BE3FD370072A3FE /* ProposalDetailTableViewController.m */; };
		53FB27121BE26A6700BE48C2 /* SignupTableViewController.m in Sources */ = {isa = PBXBuildFile; fileRef = 53FB27111BE26A6700BE48C2 /* SignupTableViewController.m */; };
		D6DCA60B4F2EA7CBCC086DE3 /* libPods.a in Frameworks */ = {isa = PBXBuildFile; fileRef = 7FF1519C2878C2B416877FC9 /* libPods.a */; };
/* End PBXBuildFile section */

/* Begin PBXContainerItemProxy section */
		534F319F1BCDAE8C00C74544 /* PBXContainerItemProxy */ = {
			isa = PBXContainerItemProxy;
			containerPortal = 534F317A1BCDAE8B00C74544 /* Project object */;
			proxyType = 1;
			remoteGlobalIDString = 534F31811BCDAE8C00C74544;
			remoteInfo = Constitution;
		};
/* End PBXContainerItemProxy section */

/* Begin PBXFileReference section */
		316484977959C7D3CA2A5B46 /* Pods.debug.xcconfig */ = {isa = PBXFileReference; includeInIndex = 1; lastKnownFileType = text.xcconfig; name = Pods.debug.xcconfig; path = "Pods/Target Support Files/Pods/Pods.debug.xcconfig"; sourceTree = "<group>"; };
		532952941BE3E24200885A90 /* ProposalTableViewCell.h */ = {isa = PBXFileReference; fileEncoding = 4; lastKnownFileType = sourcecode.c.h; path = ProposalTableViewCell.h; sourceTree = "<group>"; };
		532952951BE3E24200885A90 /* ProposalTableViewCell.m */ = {isa = PBXFileReference; fileEncoding = 4; lastKnownFileType = sourcecode.c.objc; path = ProposalTableViewCell.m; sourceTree = "<group>"; };
		532952971BE3E24D00885A90 /* CommentTableViewCell.h */ = {isa = PBXFileReference; fileEncoding = 4; lastKnownFileType = sourcecode.c.h; path = CommentTableViewCell.h; sourceTree = "<group>"; };
		532952981BE3E24D00885A90 /* CommentTableViewCell.m */ = {isa = PBXFileReference; fileEncoding = 4; lastKnownFileType = sourcecode.c.objc; path = CommentTableViewCell.m; sourceTree = "<group>"; };
		5329529A1BE3E25A00885A90 /* InsertCommentTableViewCell.h */ = {isa = PBXFileReference; fileEncoding = 4; lastKnownFileType = sourcecode.c.h; path = InsertCommentTableViewCell.h; sourceTree = "<group>"; };
		5329529B1BE3E25A00885A90 /* InsertCommentTableViewCell.m */ = {isa = PBXFileReference; fileEncoding = 4; lastKnownFileType = sourcecode.c.objc; path = InsertCommentTableViewCell.m; sourceTree = "<group>"; };
		5344578D1BD00284000C6F81 /* Crypto.h */ = {isa = PBXFileReference; fileEncoding = 4; lastKnownFileType = sourcecode.c.h; path = Crypto.h; sourceTree = "<group>"; };
		5344578E1BD00284000C6F81 /* Crypto.m */ = {isa = PBXFileReference; fileEncoding = 4; lastKnownFileType = sourcecode.c.objc; path = Crypto.m; sourceTree = "<group>"; };
		534457901BD002DC000C6F81 /* KeychainAccess.h */ = {isa = PBXFileReference; fileEncoding = 4; lastKnownFileType = sourcecode.c.h; path = KeychainAccess.h; sourceTree = "<group>"; };
		534457911BD002DC000C6F81 /* KeychainAccess.m */ = {isa = PBXFileReference; fileEncoding = 4; lastKnownFileType = sourcecode.c.objc; path = KeychainAccess.m; sourceTree = "<group>"; };
		534457931BD00862000C6F81 /* APIEndpoints.h */ = {isa = PBXFileReference; lastKnownFileType = sourcecode.c.h; path = APIEndpoints.h; sourceTree = "<group>"; };
		534457941BD00894000C6F81 /* APIEndpoints.m */ = {isa = PBXFileReference; fileEncoding = 4; lastKnownFileType = sourcecode.c.objc; path = APIEndpoints.m; sourceTree = "<group>"; };
		534457961BD00F45000C6F81 /* ErrorDomains.h */ = {isa = PBXFileReference; fileEncoding = 4; lastKnownFileType = sourcecode.c.h; path = ErrorDomains.h; sourceTree = "<group>"; };
		534457971BD00F45000C6F81 /* ErrorDomains.m */ = {isa = PBXFileReference; fileEncoding = 4; lastKnownFileType = sourcecode.c.objc; path = ErrorDomains.m; sourceTree = "<group>"; };
		534457991BD01100000C6F81 /* APIParameters.h */ = {isa = PBXFileReference; fileEncoding = 4; lastKnownFileType = sourcecode.c.h; path = APIParameters.h; sourceTree = "<group>"; };
		5344579A1BD01100000C6F81 /* APIParameters.m */ = {isa = PBXFileReference; fileEncoding = 4; lastKnownFileType = sourcecode.c.objc; path = APIParameters.m; sourceTree = "<group>"; };
		5344579C1BD026EB000C6F81 /* Network.h */ = {isa = PBXFileReference; fileEncoding = 4; lastKnownFileType = sourcecode.c.h; path = Network.h; sourceTree = "<group>"; };
		5344579D1BD026EB000C6F81 /* Network.m */ = {isa = PBXFileReference; fileEncoding = 4; lastKnownFileType = sourcecode.c.objc; path = Network.m; sourceTree = "<group>"; };
		534F31821BCDAE8C00C74544 /* Constitution.app */ = {isa = PBXFileReference; explicitFileType = wrapper.application; includeInIndex = 0; path = Constitution.app; sourceTree = BUILT_PRODUCTS_DIR; };
		534F31861BCDAE8C00C74544 /* Info.plist */ = {isa = PBXFileReference; lastKnownFileType = text.plist.xml; path = Info.plist; sourceTree = "<group>"; };
		534F31871BCDAE8C00C74544 /* main.m */ = {isa = PBXFileReference; lastKnownFileType = sourcecode.c.objc; path = main.m; sourceTree = "<group>"; };
		534F31891BCDAE8C00C74544 /* AppDelegate.h */ = {isa = PBXFileReference; lastKnownFileType = sourcecode.c.h; path = AppDelegate.h; sourceTree = "<group>"; };
		534F318A1BCDAE8C00C74544 /* AppDelegate.m */ = {isa = PBXFileReference; lastKnownFileType = sourcecode.c.objc; path = AppDelegate.m; sourceTree = "<group>"; };
		534F318D1BCDAE8C00C74544 /* Constitution.xcdatamodel */ = {isa = PBXFileReference; lastKnownFileType = wrapper.xcdatamodel; path = Constitution.xcdatamodel; sourceTree = "<group>"; };
		534F318F1BCDAE8C00C74544 /* ViewController.h */ = {isa = PBXFileReference; lastKnownFileType = sourcecode.c.h; path = ViewController.h; sourceTree = "<group>"; };
		534F31901BCDAE8C00C74544 /* ViewController.m */ = {isa = PBXFileReference; lastKnownFileType = sourcecode.c.objc; path = ViewController.m; sourceTree = "<group>"; };
		534F31931BCDAE8C00C74544 /* Base */ = {isa = PBXFileReference; lastKnownFileType = file.storyboard; name = Base; path = Base.lproj/Main.storyboard; sourceTree = "<group>"; };
		534F31951BCDAE8C00C74544 /* Images.xcassets */ = {isa = PBXFileReference; lastKnownFileType = folder.assetcatalog; path = Images.xcassets; sourceTree = "<group>"; };
		534F31981BCDAE8C00C74544 /* Base */ = {isa = PBXFileReference; lastKnownFileType = file.xib; name = Base; path = Base.lproj/LaunchScreen.xib; sourceTree = "<group>"; };
		534F319E1BCDAE8C00C74544 /* ConstitutionTests.xctest */ = {isa = PBXFileReference; explicitFileType = wrapper.cfbundle; includeInIndex = 0; path = ConstitutionTests.xctest; sourceTree = BUILT_PRODUCTS_DIR; };
		534F31A31BCDAE8C00C74544 /* Info.plist */ = {isa = PBXFileReference; lastKnownFileType = text.plist.xml; path = Info.plist; sourceTree = "<group>"; };
		534F31A41BCDAE8C00C74544 /* ConstitutionTests.m */ = {isa = PBXFileReference; lastKnownFileType = sourcecode.c.objc; path = ConstitutionTests.m; sourceTree = "<group>"; };
		534F31AF1BCDB04A00C74544 /* User.h */ = {isa = PBXFileReference; fileEncoding = 4; lastKnownFileType = sourcecode.c.h; path = User.h; sourceTree = "<group>"; };
		534F31B01BCDB04A00C74544 /* User.m */ = {isa = PBXFileReference; fileEncoding = 4; lastKnownFileType = sourcecode.c.objc; path = User.m; sourceTree = "<group>"; };
		534F31B21BCDB05E00C74544 /* Proposal.h */ = {isa = PBXFileReference; fileEncoding = 4; lastKnownFileType = sourcecode.c.h; path = Proposal.h; sourceTree = "<group>"; };
		534F31B31BCDB05E00C74544 /* Proposal.m */ = {isa = PBXFileReference; fileEncoding = 4; lastKnownFileType = sourcecode.c.objc; path = Proposal.m; sourceTree = "<group>"; };
		534F31B51BCDB06800C74544 /* Comment.h */ = {isa = PBXFileReference; fileEncoding = 4; lastKnownFileType = sourcecode.c.h; path = Comment.h; sourceTree = "<group>"; };
		534F31B61BCDB06900C74544 /* Comment.m */ = {isa = PBXFileReference; fileEncoding = 4; lastKnownFileType = sourcecode.c.objc; path = Comment.m; sourceTree = "<group>"; };
		538861B21BFE06500034292E /* up_green.png */ = {isa = PBXFileReference; lastKnownFileType = image.png; path = up_green.png; sourceTree = "<group>"; };
		538861B41BFE06580034292E /* down_red.png */ = {isa = PBXFileReference; lastKnownFileType = image.png; path = down_red.png; sourceTree = "<group>"; };
		53BF354E1BE28B1900062F21 /* Circled_User_Male_50.png */ = {isa = PBXFileReference; lastKnownFileType = image.png; path = Circled_User_Male_50.png; sourceTree = "<group>"; };
		53BF35501BE28BC200062F21 /* Rules_50.png */ = {isa = PBXFileReference; lastKnownFileType = image.png; path = Rules_50.png; sourceTree = "<group>"; };
		53BF35521BE28C1400062F21 /* Thumb_Up_50.png */ = {isa = PBXFileReference; lastKnownFileType = image.png; path = Thumb_Up_50.png; sourceTree = "<group>"; };
		53BF35541BE28C2700062F21 /* Thumb_Up_Filled_50.png */ = {isa = PBXFileReference; lastKnownFileType = image.png; path = Thumb_Up_Filled_50.png; sourceTree = "<group>"; };
		53BF35561BE28C3B00062F21 /* Thumbs_Down_50.png */ = {isa = PBXFileReference; lastKnownFileType = image.png; path = Thumbs_Down_50.png; sourceTree = "<group>"; };
		53BF35581BE28C4E00062F21 /* Thumbs_Down_Filled_50.png */ = {isa = PBXFileReference; lastKnownFileType = image.png; path = Thumbs_Down_Filled_50.png; sourceTree = "<group>"; };
		53BF355A1BE28CCA00062F21 /* Rules_32.png */ = {isa = PBXFileReference; lastKnownFileType = image.png; path = Rules_32.png; sourceTree = "<group>"; };
		53BF355C1BE28D0900062F21 /* Circled_User_Male_32.png */ = {isa = PBXFileReference; lastKnownFileType = image.png; path = Circled_User_Male_32.png; sourceTree = "<group>"; };
		53BF355E1BE291F000062F21 /* ProfileViewController.h */ = {isa = PBXFileReference; fileEncoding = 4; lastKnownFileType = sourcecode.c.h; path = ProfileViewController.h; sourceTree = "<group>"; };
		53BF355F1BE291F000062F21 /* ProfileViewController.m */ = {isa = PBXFileReference; fileEncoding = 4; lastKnownFileType = sourcecode.c.objc; path = ProfileViewController.m; sourceTree = "<group>"; };
		53BF35611BE295EC00062F21 /* ProposalsTableViewController.h */ = {isa = PBXFileReference; fileEncoding = 4; lastKnownFileType = sourcecode.c.h; path = ProposalsTableViewController.h; sourceTree = "<group>"; };
		53BF35621BE295EC00062F21 /* ProposalsTableViewController.m */ = {isa = PBXFileReference; fileEncoding = 4; lastKnownFileType = sourcecode.c.objc; path = ProposalsTableViewController.m; sourceTree = "<group>"; };
		53CD1F291BE13EFD00773C71 /* LoginViewController.h */ = {isa = PBXFileReference; fileEncoding = 4; lastKnownFileType = sourcecode.c.h; path = LoginViewController.h; sourceTree = "<group>"; };
		53CD1F2A1BE13EFD00773C71 /* LoginViewController.m */ = {isa = PBXFileReference; fileEncoding = 4; lastKnownFileType = sourcecode.c.objc; path = LoginViewController.m; sourceTree = "<group>"; };
		53E075BC1BE3FD370072A3FE /* ProposalDetailTableViewController.h */ = {isa = PBXFileReference; fileEncoding = 4; lastKnownFileType = sourcecode.c.h; path = ProposalDetailTableViewController.h; sourceTree = "<group>"; };
		53E075BD1BE3FD370072A3FE /* ProposalDetailTableViewController.m */ = {isa = PBXFileReference; fileEncoding = 4; lastKnownFileType = sourcecode.c.objc; path = ProposalDetailTableViewController.m; sourceTree = "<group>"; };
		53FB27101BE26A6700BE48C2 /* SignupTableViewController.h */ = {isa = PBXFileReference; fileEncoding = 4; lastKnownFileType = sourcecode.c.h; path = SignupTableViewController.h; sourceTree = "<group>"; };
		53FB27111BE26A6700BE48C2 /* SignupTableViewController.m */ = {isa = PBXFileReference; fileEncoding = 4; lastKnownFileType = sourcecode.c.objc; path = SignupTableViewController.m; sourceTree = "<group>"; };
		7FF1519C2878C2B416877FC9 /* libPods.a */ = {isa = PBXFileReference; explicitFileType = archive.ar; includeInIndex = 0; path = libPods.a; sourceTree = BUILT_PRODUCTS_DIR; };
		F95654C29D84BC2EEF52CF4D /* Pods.release.xcconfig */ = {isa = PBXFileReference; includeInIndex = 1; lastKnownFileType = text.xcconfig; name = Pods.release.xcconfig; path = "Pods/Target Support Files/Pods/Pods.release.xcconfig"; sourceTree = "<group>"; };
/* End PBXFileReference section */

/* Begin PBXFrameworksBuildPhase section */
		534F317F1BCDAE8C00C74544 /* Frameworks */ = {
			isa = PBXFrameworksBuildPhase;
			buildActionMask = 2147483647;
			files = (
				D6DCA60B4F2EA7CBCC086DE3 /* libPods.a in Frameworks */,
			);
			runOnlyForDeploymentPostprocessing = 0;
		};
		534F319B1BCDAE8C00C74544 /* Frameworks */ = {
			isa = PBXFrameworksBuildPhase;
			buildActionMask = 2147483647;
			files = (
			);
			runOnlyForDeploymentPostprocessing = 0;
		};
/* End PBXFrameworksBuildPhase section */

/* Begin PBXGroup section */
		469FCA31F820D8F5B043A646 /* Frameworks */ = {
			isa = PBXGroup;
			children = (
				7FF1519C2878C2B416877FC9 /* libPods.a */,
			);
			name = Frameworks;
			sourceTree = "<group>";
		};
		532952931BE3E22A00885A90 /* Custom Table View Cells */ = {
			isa = PBXGroup;
			children = (
				532952941BE3E24200885A90 /* ProposalTableViewCell.h */,
				532952951BE3E24200885A90 /* ProposalTableViewCell.m */,
				532952971BE3E24D00885A90 /* CommentTableViewCell.h */,
				532952981BE3E24D00885A90 /* CommentTableViewCell.m */,
				5329529A1BE3E25A00885A90 /* InsertCommentTableViewCell.h */,
				5329529B1BE3E25A00885A90 /* InsertCommentTableViewCell.m */,
			);
			name = "Custom Table View Cells";
			sourceTree = "<group>";
		};
		5344578C1BD00261000C6F81 /* Utils */ = {
			isa = PBXGroup;
			children = (
				5344578D1BD00284000C6F81 /* Crypto.h */,
				5344578E1BD00284000C6F81 /* Crypto.m */,
				534457901BD002DC000C6F81 /* KeychainAccess.h */,
				534457911BD002DC000C6F81 /* KeychainAccess.m */,
				534457931BD00862000C6F81 /* APIEndpoints.h */,
				534457941BD00894000C6F81 /* APIEndpoints.m */,
				534457961BD00F45000C6F81 /* ErrorDomains.h */,
				534457971BD00F45000C6F81 /* ErrorDomains.m */,
				534457991BD01100000C6F81 /* APIParameters.h */,
				5344579A1BD01100000C6F81 /* APIParameters.m */,
				5344579C1BD026EB000C6F81 /* Network.h */,
				5344579D1BD026EB000C6F81 /* Network.m */,
			);
			name = Utils;
			sourceTree = "<group>";
		};
		534F31791BCDAE8B00C74544 = {
			isa = PBXGroup;
			children = (
				534F31841BCDAE8C00C74544 /* Constitution */,
				534F31A11BCDAE8C00C74544 /* ConstitutionTests */,
				534F31831BCDAE8C00C74544 /* Products */,
				587AED2E818CDA1055B0A02C /* Pods */,
				469FCA31F820D8F5B043A646 /* Frameworks */,
			);
			sourceTree = "<group>";
		};
		534F31831BCDAE8C00C74544 /* Products */ = {
			isa = PBXGroup;
			children = (
				534F31821BCDAE8C00C74544 /* Constitution.app */,
				534F319E1BCDAE8C00C74544 /* ConstitutionTests.xctest */,
			);
			name = Products;
			sourceTree = "<group>";
		};
		534F31841BCDAE8C00C74544 /* Constitution */ = {
			isa = PBXGroup;
			children = (
				53BF354A1BE28ADD00062F21 /* Resources */,
				53CD1F281BE13E3C00773C71 /* View Controllers */,
				5344578C1BD00261000C6F81 /* Utils */,
				534F31AE1BCDB03100C74544 /* Model */,
				534F31891BCDAE8C00C74544 /* AppDelegate.h */,
				534F318A1BCDAE8C00C74544 /* AppDelegate.m */,
				534F318F1BCDAE8C00C74544 /* ViewController.h */,
				534F31901BCDAE8C00C74544 /* ViewController.m */,
				534F31921BCDAE8C00C74544 /* Main.storyboard */,
				534F31951BCDAE8C00C74544 /* Images.xcassets */,
				534F31971BCDAE8C00C74544 /* LaunchScreen.xib */,
				534F318C1BCDAE8C00C74544 /* Constitution.xcdatamodeld */,
				534F31851BCDAE8C00C74544 /* Supporting Files */,
			);
			path = Constitution;
			sourceTree = "<group>";
		};
		534F31851BCDAE8C00C74544 /* Supporting Files */ = {
			isa = PBXGroup;
			children = (
				534F31861BCDAE8C00C74544 /* Info.plist */,
				534F31871BCDAE8C00C74544 /* main.m */,
			);
			name = "Supporting Files";
			sourceTree = "<group>";
		};
		534F31A11BCDAE8C00C74544 /* ConstitutionTests */ = {
			isa = PBXGroup;
			children = (
				534F31A41BCDAE8C00C74544 /* ConstitutionTests.m */,
				534F31A21BCDAE8C00C74544 /* Supporting Files */,
			);
			path = ConstitutionTests;
			sourceTree = "<group>";
		};
		534F31A21BCDAE8C00C74544 /* Supporting Files */ = {
			isa = PBXGroup;
			children = (
				534F31A31BCDAE8C00C74544 /* Info.plist */,
			);
			name = "Supporting Files";
			sourceTree = "<group>";
		};
		534F31AE1BCDB03100C74544 /* Model */ = {
			isa = PBXGroup;
			children = (
				534F31AF1BCDB04A00C74544 /* User.h */,
				534F31B01BCDB04A00C74544 /* User.m */,
				534F31B21BCDB05E00C74544 /* Proposal.h */,
				534F31B31BCDB05E00C74544 /* Proposal.m */,
				534F31B51BCDB06800C74544 /* Comment.h */,
				534F31B61BCDB06900C74544 /* Comment.m */,
			);
			name = Model;
			sourceTree = "<group>";
		};
		53BF354A1BE28ADD00062F21 /* Resources */ = {
			isa = PBXGroup;
			children = (
				53BF354B1BE28AE400062F21 /* Assets */,
			);
			name = Resources;
			sourceTree = "<group>";
		};
		53BF354B1BE28AE400062F21 /* Assets */ = {
			isa = PBXGroup;
			children = (
				538861B41BFE06580034292E /* down_red.png */,
				538861B21BFE06500034292E /* up_green.png */,
				53BF35501BE28BC200062F21 /* Rules_50.png */,
				53BF355A1BE28CCA00062F21 /* Rules_32.png */,
				53BF355C1BE28D0900062F21 /* Circled_User_Male_32.png */,
				53BF354E1BE28B1900062F21 /* Circled_User_Male_50.png */,
				53BF35521BE28C1400062F21 /* Thumb_Up_50.png */,
				53BF35541BE28C2700062F21 /* Thumb_Up_Filled_50.png */,
				53BF35561BE28C3B00062F21 /* Thumbs_Down_50.png */,
				53BF35581BE28C4E00062F21 /* Thumbs_Down_Filled_50.png */,
			);
			name = Assets;
			sourceTree = "<group>";
		};
		53CD1F281BE13E3C00773C71 /* View Controllers */ = {
			isa = PBXGroup;
			children = (
				532952931BE3E22A00885A90 /* Custom Table View Cells */,
				53CD1F291BE13EFD00773C71 /* LoginViewController.h */,
				53CD1F2A1BE13EFD00773C71 /* LoginViewController.m */,
				53FB27101BE26A6700BE48C2 /* SignupTableViewController.h */,
				53FB27111BE26A6700BE48C2 /* SignupTableViewController.m */,
				53BF355E1BE291F000062F21 /* ProfileViewController.h */,
				53BF355F1BE291F000062F21 /* ProfileViewController.m */,
				53BF35611BE295EC00062F21 /* ProposalsTableViewController.h */,
				53BF35621BE295EC00062F21 /* ProposalsTableViewController.m */,
				53E075BC1BE3FD370072A3FE /* ProposalDetailTableViewController.h */,
				53E075BD1BE3FD370072A3FE /* ProposalDetailTableViewController.m */,
			);
			name = "View Controllers";
			sourceTree = "<group>";
		};
		587AED2E818CDA1055B0A02C /* Pods */ = {
			isa = PBXGroup;
			children = (
				316484977959C7D3CA2A5B46 /* Pods.debug.xcconfig */,
				F95654C29D84BC2EEF52CF4D /* Pods.release.xcconfig */,
			);
			name = Pods;
			sourceTree = "<group>";
		};
/* End PBXGroup section */

/* Begin PBXNativeTarget section */
		534F31811BCDAE8C00C74544 /* Constitution */ = {
			isa = PBXNativeTarget;
			buildConfigurationList = 534F31A81BCDAE8C00C74544 /* Build configuration list for PBXNativeTarget "Constitution" */;
			buildPhases = (
				25AD7812095BCBCCFB0B7233 /* Check Pods Manifest.lock */,
				534F317E1BCDAE8C00C74544 /* Sources */,
				534F317F1BCDAE8C00C74544 /* Frameworks */,
				534F31801BCDAE8C00C74544 /* Resources */,
				077718EE03AF4A8AE02DDAAE /* Copy Pods Resources */,
			);
			buildRules = (
			);
			dependencies = (
			);
			name = Constitution;
			productName = Constitution;
			productReference = 534F31821BCDAE8C00C74544 /* Constitution.app */;
			productType = "com.apple.product-type.application";
		};
		534F319D1BCDAE8C00C74544 /* ConstitutionTests */ = {
			isa = PBXNativeTarget;
			buildConfigurationList = 534F31AB1BCDAE8C00C74544 /* Build configuration list for PBXNativeTarget "ConstitutionTests" */;
			buildPhases = (
				534F319A1BCDAE8C00C74544 /* Sources */,
				534F319B1BCDAE8C00C74544 /* Frameworks */,
				534F319C1BCDAE8C00C74544 /* Resources */,
			);
			buildRules = (
			);
			dependencies = (
				534F31A01BCDAE8C00C74544 /* PBXTargetDependency */,
			);
			name = ConstitutionTests;
			productName = ConstitutionTests;
			productReference = 534F319E1BCDAE8C00C74544 /* ConstitutionTests.xctest */;
			productType = "com.apple.product-type.bundle.unit-test";
		};
/* End PBXNativeTarget section */

/* Begin PBXProject section */
		534F317A1BCDAE8B00C74544 /* Project object */ = {
			isa = PBXProject;
			attributes = {
				LastUpgradeCheck = 0630;
				ORGANIZATIONNAME = DDS;
				TargetAttributes = {
					534F31811BCDAE8C00C74544 = {
						CreatedOnToolsVersion = 6.3.2;
					};
					534F319D1BCDAE8C00C74544 = {
						CreatedOnToolsVersion = 6.3.2;
						TestTargetID = 534F31811BCDAE8C00C74544;
					};
				};
			};
			buildConfigurationList = 534F317D1BCDAE8C00C74544 /* Build configuration list for PBXProject "Constitution" */;
			compatibilityVersion = "Xcode 3.2";
			developmentRegion = English;
			hasScannedForEncodings = 0;
			knownRegions = (
				en,
				Base,
			);
			mainGroup = 534F31791BCDAE8B00C74544;
			productRefGroup = 534F31831BCDAE8C00C74544 /* Products */;
			projectDirPath = "";
			projectRoot = "";
			targets = (
				534F31811BCDAE8C00C74544 /* Constitution */,
				534F319D1BCDAE8C00C74544 /* ConstitutionTests */,
			);
		};
/* End PBXProject section */

/* Begin PBXResourcesBuildPhase section */
		534F31801BCDAE8C00C74544 /* Resources */ = {
			isa = PBXResourcesBuildPhase;
			buildActionMask = 2147483647;
			files = (
				538861B31BFE06500034292E /* up_green.png in Resources */,
				534F31941BCDAE8C00C74544 /* Main.storyboard in Resources */,
				53BF354F1BE28B1900062F21 /* Circled_User_Male_50.png in Resources */,
				53BF355B1BE28CCA00062F21 /* Rules_32.png in Resources */,
				53BF35591BE28C4E00062F21 /* Thumbs_Down_Filled_50.png in Resources */,
				53BF355D1BE28D0900062F21 /* Circled_User_Male_32.png in Resources */,
				53BF35511BE28BC200062F21 /* Rules_50.png in Resources */,
				53BF35571BE28C3B00062F21 /* Thumbs_Down_50.png in Resources */,
				534F31991BCDAE8C00C74544 /* LaunchScreen.xib in Resources */,
				53BF35551BE28C2700062F21 /* Thumb_Up_Filled_50.png in Resources */,
				53BF35531BE28C1400062F21 /* Thumb_Up_50.png in Resources */,
				538861B51BFE06580034292E /* down_red.png in Resources */,
				534F31961BCDAE8C00C74544 /* Images.xcassets in Resources */,
			);
			runOnlyForDeploymentPostprocessing = 0;
		};
		534F319C1BCDAE8C00C74544 /* Resources */ = {
			isa = PBXResourcesBuildPhase;
			buildActionMask = 2147483647;
			files = (
			);
			runOnlyForDeploymentPostprocessing = 0;
		};
/* End PBXResourcesBuildPhase section */

/* Begin PBXShellScriptBuildPhase section */
		077718EE03AF4A8AE02DDAAE /* Copy Pods Resources */ = {
			isa = PBXShellScriptBuildPhase;
			buildActionMask = 2147483647;
			files = (
			);
			inputPaths = (
			);
			name = "Copy Pods Resources";
			outputPaths = (
			);
			runOnlyForDeploymentPostprocessing = 0;
			shellPath = /bin/sh;
			shellScript = "\"${SRCROOT}/Pods/Target Support Files/Pods/Pods-resources.sh\"\n";
			showEnvVarsInLog = 0;
		};
		25AD7812095BCBCCFB0B7233 /* Check Pods Manifest.lock */ = {
			isa = PBXShellScriptBuildPhase;
			buildActionMask = 2147483647;
			files = (
			);
			inputPaths = (
			);
			name = "Check Pods Manifest.lock";
			outputPaths = (
			);
			runOnlyForDeploymentPostprocessing = 0;
			shellPath = /bin/sh;
			shellScript = "diff \"${PODS_ROOT}/../Podfile.lock\" \"${PODS_ROOT}/Manifest.lock\" > /dev/null\nif [[ $? != 0 ]] ; then\n    cat << EOM\nerror: The sandbox is not in sync with the Podfile.lock. Run 'pod install' or update your CocoaPods installation.\nEOM\n    exit 1\nfi\n";
			showEnvVarsInLog = 0;
		};
/* End PBXShellScriptBuildPhase section */

/* Begin PBXSourcesBuildPhase section */
		534F317E1BCDAE8C00C74544 /* Sources */ = {
			isa = PBXSourcesBuildPhase;
			buildActionMask = 2147483647;
			files = (
				5344579E1BD026EB000C6F81 /* Network.m in Sources */,
				5344579B1BD01100000C6F81 /* APIParameters.m in Sources */,
				53BF35601BE291F000062F21 /* ProfileViewController.m in Sources */,
				532952991BE3E24D00885A90 /* CommentTableViewCell.m in Sources */,
				534F31B71BCDB06900C74544 /* Comment.m in Sources */,
				534F31B11BCDB04A00C74544 /* User.m in Sources */,
				532952961BE3E24200885A90 /* ProposalTableViewCell.m in Sources */,
				53CD1F2B1BE13EFD00773C71 /* LoginViewController.m in Sources */,
				534457981BD00F45000C6F81 /* ErrorDomains.m in Sources */,
				53FB27121BE26A6700BE48C2 /* SignupTableViewController.m in Sources */,
				53E075BE1BE3FD370072A3FE /* ProposalDetailTableViewController.m in Sources */,
				534457921BD002DC000C6F81 /* KeychainAccess.m in Sources */,
				53BF35631BE295EC00062F21 /* ProposalsTableViewController.m in Sources */,
				534F318E1BCDAE8C00C74544 /* Constitution.xcdatamodeld in Sources */,
				534F318B1BCDAE8C00C74544 /* AppDelegate.m in Sources */,
				534457951BD00894000C6F81 /* APIEndpoints.m in Sources */,
				5344578F1BD00284000C6F81 /* Crypto.m in Sources */,
				534F31911BCDAE8C00C74544 /* ViewController.m in Sources */,
				534F31881BCDAE8C00C74544 /* main.m in Sources */,
				534F31B41BCDB05E00C74544 /* Proposal.m in Sources */,
				5329529C1BE3E25A00885A90 /* InsertCommentTableViewCell.m in Sources */,
			);
			runOnlyForDeploymentPostprocessing = 0;
		};
		534F319A1BCDAE8C00C74544 /* Sources */ = {
			isa = PBXSourcesBuildPhase;
			buildActionMask = 2147483647;
			files = (
				534F31A51BCDAE8C00C74544 /* ConstitutionTests.m in Sources */,
			);
			runOnlyForDeploymentPostprocessing = 0;
		};
/* End PBXSourcesBuildPhase section */

/* Begin PBXTargetDependency section */
		534F31A01BCDAE8C00C74544 /* PBXTargetDependency */ = {
			isa = PBXTargetDependency;
			target = 534F31811BCDAE8C00C74544 /* Constitution */;
			targetProxy = 534F319F1BCDAE8C00C74544 /* PBXContainerItemProxy */;
		};
/* End PBXTargetDependency section */

/* Begin PBXVariantGroup section */
		534F31921BCDAE8C00C74544 /* Main.storyboard */ = {
			isa = PBXVariantGroup;
			children = (
				534F31931BCDAE8C00C74544 /* Base */,
			);
			name = Main.storyboard;
			sourceTree = "<group>";
		};
		534F31971BCDAE8C00C74544 /* LaunchScreen.xib */ = {
			isa = PBXVariantGroup;
			children = (
				534F31981BCDAE8C00C74544 /* Base */,
			);
			name = LaunchScreen.xib;
			sourceTree = "<group>";
		};
/* End PBXVariantGroup section */

/* Begin XCBuildConfiguration section */
		534F31A61BCDAE8C00C74544 /* Debug */ = {
			isa = XCBuildConfiguration;
			buildSettings = {
				ALWAYS_SEARCH_USER_PATHS = NO;
				CLANG_CXX_LANGUAGE_STANDARD = "gnu++0x";
				CLANG_CXX_LIBRARY = "libc++";
				CLANG_ENABLE_MODULES = YES;
				CLANG_ENABLE_OBJC_ARC = YES;
				CLANG_WARN_BOOL_CONVERSION = YES;
				CLANG_WARN_CONSTANT_CONVERSION = YES;
				CLANG_WARN_DIRECT_OBJC_ISA_USAGE = YES_ERROR;
				CLANG_WARN_EMPTY_BODY = YES;
				CLANG_WARN_ENUM_CONVERSION = YES;
				CLANG_WARN_INT_CONVERSION = YES;
				CLANG_WARN_OBJC_ROOT_CLASS = YES_ERROR;
				CLANG_WARN_UNREACHABLE_CODE = YES;
				CLANG_WARN__DUPLICATE_METHOD_MATCH = YES;
				"CODE_SIGN_IDENTITY[sdk=iphoneos*]" = "iPhone Developer";
				COPY_PHASE_STRIP = NO;
				DEBUG_INFORMATION_FORMAT = "dwarf-with-dsym";
				ENABLE_STRICT_OBJC_MSGSEND = YES;
				GCC_C_LANGUAGE_STANDARD = gnu99;
				GCC_DYNAMIC_NO_PIC = NO;
				GCC_NO_COMMON_BLOCKS = YES;
				GCC_OPTIMIZATION_LEVEL = 0;
				GCC_PREPROCESSOR_DEFINITIONS = (
					"DEBUG=1",
					"$(inherited)",
				);
				GCC_SYMBOLS_PRIVATE_EXTERN = NO;
				GCC_WARN_64_TO_32_BIT_CONVERSION = YES;
				GCC_WARN_ABOUT_RETURN_TYPE = YES_ERROR;
				GCC_WARN_UNDECLARED_SELECTOR = YES;
				GCC_WARN_UNINITIALIZED_AUTOS = YES_AGGRESSIVE;
				GCC_WARN_UNUSED_FUNCTION = YES;
				GCC_WARN_UNUSED_VARIABLE = YES;
				IPHONEOS_DEPLOYMENT_TARGET = 8.3;
				MTL_ENABLE_DEBUG_INFO = YES;
				ONLY_ACTIVE_ARCH = YES;
				SDKROOT = iphoneos;
			};
			name = Debug;
		};
		534F31A71BCDAE8C00C74544 /* Release */ = {
			isa = XCBuildConfiguration;
			buildSettings = {
				ALWAYS_SEARCH_USER_PATHS = NO;
				CLANG_CXX_LANGUAGE_STANDARD = "gnu++0x";
				CLANG_CXX_LIBRARY = "libc++";
				CLANG_ENABLE_MODULES = YES;
				CLANG_ENABLE_OBJC_ARC = YES;
				CLANG_WARN_BOOL_CONVERSION = YES;
				CLANG_WARN_CONSTANT_CONVERSION = YES;
				CLANG_WARN_DIRECT_OBJC_ISA_USAGE = YES_ERROR;
				CLANG_WARN_EMPTY_BODY = YES;
				CLANG_WARN_ENUM_CONVERSION = YES;
				CLANG_WARN_INT_CONVERSION = YES;
				CLANG_WARN_OBJC_ROOT_CLASS = YES_ERROR;
				CLANG_WARN_UNREACHABLE_CODE = YES;
				CLANG_WARN__DUPLICATE_METHOD_MATCH = YES;
				"CODE_SIGN_IDENTITY[sdk=iphoneos*]" = "iPhone Developer";
				COPY_PHASE_STRIP = NO;
				DEBUG_INFORMATION_FORMAT = "dwarf-with-dsym";
				ENABLE_NS_ASSERTIONS = NO;
				ENABLE_STRICT_OBJC_MSGSEND = YES;
				GCC_C_LANGUAGE_STANDARD = gnu99;
				GCC_NO_COMMON_BLOCKS = YES;
				GCC_WARN_64_TO_32_BIT_CONVERSION = YES;
				GCC_WARN_ABOUT_RETURN_TYPE = YES_ERROR;
				GCC_WARN_UNDECLARED_SELECTOR = YES;
				GCC_WARN_UNINITIALIZED_AUTOS = YES_AGGRESSIVE;
				GCC_WARN_UNUSED_FUNCTION = YES;
				GCC_WARN_UNUSED_VARIABLE = YES;
				IPHONEOS_DEPLOYMENT_TARGET = 8.3;
				MTL_ENABLE_DEBUG_INFO = NO;
				SDKROOT = iphoneos;
				VALIDATE_PRODUCT = YES;
			};
			name = Release;
		};
		534F31A91BCDAE8C00C74544 /* Debug */ = {
			isa = XCBuildConfiguration;
			baseConfigurationReference = 316484977959C7D3CA2A5B46 /* Pods.debug.xcconfig */;
			buildSettings = {
				ASSETCATALOG_COMPILER_APPICON_NAME = AppIcon;
				INFOPLIST_FILE = Constitution/Info.plist;
				LD_RUNPATH_SEARCH_PATHS = "$(inherited) @executable_path/Frameworks";
				PRODUCT_NAME = "$(TARGET_NAME)";
			};
			name = Debug;
		};
		534F31AA1BCDAE8C00C74544 /* Release */ = {
			isa = XCBuildConfiguration;
			baseConfigurationReference = F95654C29D84BC2EEF52CF4D /* Pods.release.xcconfig */;
			buildSettings = {
				ASSETCATALOG_COMPILER_APPICON_NAME = AppIcon;
				INFOPLIST_FILE = Constitution/Info.plist;
				LD_RUNPATH_SEARCH_PATHS = "$(inherited) @executable_path/Frameworks";
				PRODUCT_NAME = "$(TARGET_NAME)";
			};
			name = Release;
		};
		534F31AC1BCDAE8C00C74544 /* Debug */ = {
			isa = XCBuildConfiguration;
			buildSettings = {
				BUNDLE_LOADER = "$(TEST_HOST)";
				FRAMEWORK_SEARCH_PATHS = (
					"$(SDKROOT)/Developer/Library/Frameworks",
					"$(inherited)",
				);
				GCC_PREPROCESSOR_DEFINITIONS = (
					"DEBUG=1",
					"$(inherited)",
				);
				INFOPLIST_FILE = ConstitutionTests/Info.plist;
				LD_RUNPATH_SEARCH_PATHS = "$(inherited) @executable_path/Frameworks @loader_path/Frameworks";
				PRODUCT_NAME = "$(TARGET_NAME)";
				TEST_HOST = "$(BUILT_PRODUCTS_DIR)/Constitution.app/Constitution";
			};
			name = Debug;
		};
		534F31AD1BCDAE8C00C74544 /* Release */ = {
			isa = XCBuildConfiguration;
			buildSettings = {
				BUNDLE_LOADER = "$(TEST_HOST)";
				FRAMEWORK_SEARCH_PATHS = (
					"$(SDKROOT)/Developer/Library/Frameworks",
					"$(inherited)",
				);
				INFOPLIST_FILE = ConstitutionTests/Info.plist;
				LD_RUNPATH_SEARCH_PATHS = "$(inherited) @executable_path/Frameworks @loader_path/Frameworks";
				PRODUCT_NAME = "$(TARGET_NAME)";
				TEST_HOST = "$(BUILT_PRODUCTS_DIR)/Constitution.app/Constitution";
			};
			name = Release;
		};
/* End XCBuildConfiguration section */

/* Begin XCConfigurationList section */
		534F317D1BCDAE8C00C74544 /* Build configuration list for PBXProject "Constitution" */ = {
			isa = XCConfigurationList;
			buildConfigurations = (
				534F31A61BCDAE8C00C74544 /* Debug */,
				534F31A71BCDAE8C00C74544 /* Release */,
			);
			defaultConfigurationIsVisible = 0;
			defaultConfigurationName = Release;
		};
		534F31A81BCDAE8C00C74544 /* Build configuration list for PBXNativeTarget "Constitution" */ = {
			isa = XCConfigurationList;
			buildConfigurations = (
				534F31A91BCDAE8C00C74544 /* Debug */,
				534F31AA1BCDAE8C00C74544 /* Release */,
			);
			defaultConfigurationIsVisible = 0;
			defaultConfigurationName = Release;
		};
		534F31AB1BCDAE8C00C74544 /* Build configuration list for PBXNativeTarget "ConstitutionTests" */ = {
			isa = XCConfigurationList;
			buildConfigurations = (
				534F31AC1BCDAE8C00C74544 /* Debug */,
				534F31AD1BCDAE8C00C74544 /* Release */,
			);
			defaultConfigurationIsVisible = 0;
			defaultConfigurationName = Release;
		};
/* End XCConfigurationList section */

/* Begin XCVersionGroup section */
		534F318C1BCDAE8C00C74544 /* Constitution.xcdatamodeld */ = {
			isa = XCVersionGroup;
			children = (
				534F318D1BCDAE8C00C74544 /* Constitution.xcdatamodel */,
			);
			currentVersion = 534F318D1BCDAE8C00C74544 /* Constitution.xcdatamodel */;
			path = Constitution.xcdatamodeld;
			sourceTree = "<group>";
			versionGroupType = wrapper.xcdatamodel;
		};
/* End XCVersionGroup section */
	};
	rootObject = 534F317A1BCDAE8B00C74544 /* Project object */;
}
